{
  "name": "vue-input-image",
  "version": "1.0.0",
  "lockfileVersion": 1,
  "requires": true,
  "dependencies": {
    "vue-webcam": {
      "version": "2.0.4",
      "resolved": "https://registry.npmjs.org/vue-webcam/-/vue-webcam-2.0.4.tgz",
      "integrity": "sha1-sZjtaT2Cj0sI64xH0yA3NvbSgJI="
    }
  }
}
